
Microsoft Visual Studio Solution File, Format Version 12.00
Project("{FAE04EC0-301F-11D3-BF4B-00C04F79EFBC}") = "DailyNotes", "DailyNotes.csproj", "{E1F23194-1C37-4292-9AE5-BCE7EA1EAD2C}"
EndProject
Project("{2150E333-8FDC-42A3-9474-1A3956D46DE8}") = "Solution Items", "Solution Items", "{B8D49F63-BE39-4890-9D84-F9B54DF57FA7}"
	ProjectSection(SolutionItems) = preProject
		docker-compose.yml = docker-compose.yml
	EndProjectSection
EndProject
Global
	GlobalSection(SolutionConfigurationPlatforms) = preSolution
		Debug|Any CPU = Debug|Any CPU
		Release|Any CPU = Release|Any CPU
	EndGlobalSection
	GlobalSection(ProjectConfigurationPlatforms) = postSolution
		{E1F23194-1C37-4292-9AE5-BCE7EA1EAD2C}.Debug|Any CPU.ActiveCfg = Debug|Any CPU
		{E1F23194-1C37-4292-9AE5-BCE7EA1EAD2C}.Debug|Any CPU.Build.0 = Debug|Any CPU
		{E1F23194-1C37-4292-9AE5-BCE7EA1EAD2C}.Release|Any CPU.ActiveCfg = Release|Any CPU
		{E1F23194-1C37-4292-9AE5-BCE7EA1EAD2C}.Release|Any CPU.Build.0 = Release|Any CPU
	EndGlobalSection
EndGlobal
